
Microsoft Visual Studio Solution File, Format Version 12.00
# Visual Studio 15
VisualStudioVersion = 15.0.28307.168
MinimumVisualStudioVersion = 10.0.40219.1
Project("{FAE04EC0-301F-11D3-BF4B-00C04F79EFBC}") = "LocationService", "LocationService\LocationService.csproj", "{12C63202-FC46-400D-93FB-3EBBA2C5EA51}"
EndProject
Project("{FAE04EC0-301F-11D3-BF4B-00C04F79EFBC}") = "LocationService.Tests", "LocationService.Tests\LocationService.Tests.csproj", "{2F063ABC-7AA5-4D3E-8439-ADE7DA343ACA}"
EndProject
Global
	GlobalSection(SolutionConfigurationPlatforms) = preSolution
		Debug|Any CPU = Debug|Any CPU
		Release|Any CPU = Release|Any CPU
	EndGlobalSection
	GlobalSection(ProjectConfigurationPlatforms) = postSolution
		{12C63202-FC46-400D-93FB-3EBBA2C5EA51}.Debug|Any CPU.ActiveCfg = Debug|Any CPU
		{12C63202-FC46-400D-93FB-3EBBA2C5EA51}.Debug|Any CPU.Build.0 = Debug|Any CPU
		{12C63202-FC46-400D-93FB-3EBBA2C5EA51}.Release|Any CPU.ActiveCfg = Release|Any CPU
		{12C63202-FC46-400D-93FB-3EBBA2C5EA51}.Release|Any CPU.Build.0 = Release|Any CPU
		{2F063ABC-7AA5-4D3E-8439-ADE7DA343ACA}.Debug|Any CPU.ActiveCfg = Debug|Any CPU
		{2F063ABC-7AA5-4D3E-8439-ADE7DA343ACA}.Debug|Any CPU.Build.0 = Debug|Any CPU
		{2F063ABC-7AA5-4D3E-8439-ADE7DA343ACA}.Release|Any CPU.ActiveCfg = Release|Any CPU
		{2F063ABC-7AA5-4D3E-8439-ADE7DA343ACA}.Release|Any CPU.Build.0 = Release|Any CPU
	EndGlobalSection
	GlobalSection(SolutionProperties) = preSolution
		HideSolutionNode = FALSE
	EndGlobalSection
	GlobalSection(ExtensibilityGlobals) = postSolution
		SolutionGuid = {4AE3A226-186A-4BAF-B15A-7B54195F9570}
	EndGlobalSection
EndGlobal
